
Microsoft Visual Studio Solution File, Format Version 12.00
# Visual Studio 15
VisualStudioVersion = 15.0.26124.0
MinimumVisualStudioVersion = 15.0.26124.0
Project("{FAE04EC0-301F-11D3-BF4B-00C04F79EFBC}") = "rental", "rental\rental.csproj", "{A2CA8F0D-7D84-429B-8D20-31DC4ABE2198}"
EndProject
Project("{FAE04EC0-301F-11D3-BF4B-00C04F79EFBC}") = "rental.test", "rental.test\rental.test.csproj", "{ED358F4A-4FB7-412F-9E5D-82424B884E9A}"
EndProject
Global
	GlobalSection(SolutionConfigurationPlatforms) = preSolution
		Debug|Any CPU = Debug|Any CPU
		Debug|x64 = Debug|x64
		Debug|x86 = Debug|x86
		Release|Any CPU = Release|Any CPU
		Release|x64 = Release|x64
		Release|x86 = Release|x86
	EndGlobalSection
	GlobalSection(SolutionProperties) = preSolution
		HideSolutionNode = FALSE
	EndGlobalSection
	GlobalSection(ProjectConfigurationPlatforms) = postSolution
		{A2CA8F0D-7D84-429B-8D20-31DC4ABE2198}.Debug|Any CPU.ActiveCfg = Debug|Any CPU
		{A2CA8F0D-7D84-429B-8D20-31DC4ABE2198}.Debug|Any CPU.Build.0 = Debug|Any CPU
		{A2CA8F0D-7D84-429B-8D20-31DC4ABE2198}.Debug|x64.ActiveCfg = Debug|Any CPU
		{A2CA8F0D-7D84-429B-8D20-31DC4ABE2198}.Debug|x64.Build.0 = Debug|Any CPU
		{A2CA8F0D-7D84-429B-8D20-31DC4ABE2198}.Debug|x86.ActiveCfg = Debug|Any CPU
		{A2CA8F0D-7D84-429B-8D20-31DC4ABE2198}.Debug|x86.Build.0 = Debug|Any CPU
		{A2CA8F0D-7D84-429B-8D20-31DC4ABE2198}.Release|Any CPU.ActiveCfg = Release|Any CPU
		{A2CA8F0D-7D84-429B-8D20-31DC4ABE2198}.Release|Any CPU.Build.0 = Release|Any CPU
		{A2CA8F0D-7D84-429B-8D20-31DC4ABE2198}.Release|x64.ActiveCfg = Release|Any CPU
		{A2CA8F0D-7D84-429B-8D20-31DC4ABE2198}.Release|x64.Build.0 = Release|Any CPU
		{A2CA8F0D-7D84-429B-8D20-31DC4ABE2198}.Release|x86.ActiveCfg = Release|Any CPU
		{A2CA8F0D-7D84-429B-8D20-31DC4ABE2198}.Release|x86.Build.0 = Release|Any CPU
		{ED358F4A-4FB7-412F-9E5D-82424B884E9A}.Debug|Any CPU.ActiveCfg = Debug|Any CPU
		{ED358F4A-4FB7-412F-9E5D-82424B884E9A}.Debug|Any CPU.Build.0 = Debug|Any CPU
		{ED358F4A-4FB7-412F-9E5D-82424B884E9A}.Debug|x64.ActiveCfg = Debug|Any CPU
		{ED358F4A-4FB7-412F-9E5D-82424B884E9A}.Debug|x64.Build.0 = Debug|Any CPU
		{ED358F4A-4FB7-412F-9E5D-82424B884E9A}.Debug|x86.ActiveCfg = Debug|Any CPU
		{ED358F4A-4FB7-412F-9E5D-82424B884E9A}.Debug|x86.Build.0 = Debug|Any CPU
		{ED358F4A-4FB7-412F-9E5D-82424B884E9A}.Release|Any CPU.ActiveCfg = Release|Any CPU
		{ED358F4A-4FB7-412F-9E5D-82424B884E9A}.Release|Any CPU.Build.0 = Release|Any CPU
		{ED358F4A-4FB7-412F-9E5D-82424B884E9A}.Release|x64.ActiveCfg = Release|Any CPU
		{ED358F4A-4FB7-412F-9E5D-82424B884E9A}.Release|x64.Build.0 = Release|Any CPU
		{ED358F4A-4FB7-412F-9E5D-82424B884E9A}.Release|x86.ActiveCfg = Release|Any CPU
		{ED358F4A-4FB7-412F-9E5D-82424B884E9A}.Release|x86.Build.0 = Release|Any CPU
	EndGlobalSection
EndGlobal
